
Microsoft Visual Studio Solution File, Format Version 12.00
# Visual Studio Version 17
VisualStudioVersion = 17.3.32825.248
MinimumVisualStudioVersion = 10.0.40219.1
Project("{9A19103F-16F7-4668-BE54-9A1E7A4F7556}") = "dariabarinovakt4120", "dariabarinovakt4120\dariabarinovakt4120.csproj", "{E39BF7FF-2487-4389-8B40-0FA0B9D93932}"
EndProject
Project("{FAE04EC0-301F-11D3-BF4B-00C04F79EFBC}") = "dariabarinovakt4120.Tests", "BarinovaDA_KT4120.Tests\dariabarinovakt4120.Tests.csproj", "{C8A11BA2-EBC6-4225-A92D-719C8167FAA2}"
EndProject
Global
	GlobalSection(SolutionConfigurationPlatforms) = preSolution
		Debug|Any CPU = Debug|Any CPU
		Release|Any CPU = Release|Any CPU
	EndGlobalSection
	GlobalSection(ProjectConfigurationPlatforms) = postSolution
		{E39BF7FF-2487-4389-8B40-0FA0B9D93932}.Debug|Any CPU.ActiveCfg = Debug|Any CPU
		{E39BF7FF-2487-4389-8B40-0FA0B9D93932}.Debug|Any CPU.Build.0 = Debug|Any CPU
		{E39BF7FF-2487-4389-8B40-0FA0B9D93932}.Release|Any CPU.ActiveCfg = Release|Any CPU
		{E39BF7FF-2487-4389-8B40-0FA0B9D93932}.Release|Any CPU.Build.0 = Release|Any CPU
		{C8A11BA2-EBC6-4225-A92D-719C8167FAA2}.Debug|Any CPU.ActiveCfg = Debug|Any CPU
		{C8A11BA2-EBC6-4225-A92D-719C8167FAA2}.Debug|Any CPU.Build.0 = Debug|Any CPU
		{C8A11BA2-EBC6-4225-A92D-719C8167FAA2}.Release|Any CPU.ActiveCfg = Release|Any CPU
		{C8A11BA2-EBC6-4225-A92D-719C8167FAA2}.Release|Any CPU.Build.0 = Release|Any CPU
	EndGlobalSection
	GlobalSection(SolutionProperties) = preSolution
		HideSolutionNode = FALSE
	EndGlobalSection
	GlobalSection(ExtensibilityGlobals) = postSolution
		SolutionGuid = {13EC760F-2349-47DA-8D5A-AD79C511B7AD}
	EndGlobalSection
EndGlobal
